
Microsoft Visual Studio Solution File, Format Version 12.00
# Visual Studio Version 17
VisualStudioVersion = 17.11.35327.3
MinimumVisualStudioVersion = 10.0.40219.1
Project("{FAE04EC0-301F-11D3-BF4B-00C04F79EFBC}") = "CalculoMediaPonderada", "CalculoMediaPonderada\CalculoMediaPonderada.csproj", "{58748426-5AA0-456F-B545-74284D2A08F9}"
EndProject
Global
	GlobalSection(SolutionConfigurationPlatforms) = preSolution
		Debug|Any CPU = Debug|Any CPU
		Release|Any CPU = Release|Any CPU
	EndGlobalSection
	GlobalSection(ProjectConfigurationPlatforms) = postSolution
		{58748426-5AA0-456F-B545-74284D2A08F9}.Debug|Any CPU.ActiveCfg = Debug|Any CPU
		{58748426-5AA0-456F-B545-74284D2A08F9}.Debug|Any CPU.Build.0 = Debug|Any CPU
		{58748426-5AA0-456F-B545-74284D2A08F9}.Release|Any CPU.ActiveCfg = Release|Any CPU
		{58748426-5AA0-456F-B545-74284D2A08F9}.Release|Any CPU.Build.0 = Release|Any CPU
	EndGlobalSection
	GlobalSection(SolutionProperties) = preSolution
		HideSolutionNode = FALSE
	EndGlobalSection
	GlobalSection(ExtensibilityGlobals) = postSolution
		SolutionGuid = {BDACCE9B-1F0D-477E-BB44-C6E629314FD0}
	EndGlobalSection
EndGlobal
